
Microsoft Visual Studio Solution File, Format Version 12.00
# Visual Studio Version 16
VisualStudioVersion = 16.0.32002.261
MinimumVisualStudioVersion = 10.0.40219.1
Project("{FAE04EC0-301F-11D3-BF4B-00C04F79EFBC}") = "YaziciEmlak", "YaziciEmlak\YaziciEmlak.csproj", "{5EA73F3D-AE0F-4D3C-8E13-28D1E6DC000A}"
EndProject
Global
	GlobalSection(SolutionConfigurationPlatforms) = preSolution
		Debug|Any CPU = Debug|Any CPU
		Release|Any CPU = Release|Any CPU
	EndGlobalSection
	GlobalSection(ProjectConfigurationPlatforms) = postSolution
		{5EA73F3D-AE0F-4D3C-8E13-28D1E6DC000A}.Debug|Any CPU.ActiveCfg = Debug|Any CPU
		{5EA73F3D-AE0F-4D3C-8E13-28D1E6DC000A}.Debug|Any CPU.Build.0 = Debug|Any CPU
		{5EA73F3D-AE0F-4D3C-8E13-28D1E6DC000A}.Release|Any CPU.ActiveCfg = Release|Any CPU
		{5EA73F3D-AE0F-4D3C-8E13-28D1E6DC000A}.Release|Any CPU.Build.0 = Release|Any CPU
	EndGlobalSection
	GlobalSection(SolutionProperties) = preSolution
		HideSolutionNode = FALSE
	EndGlobalSection
	GlobalSection(ExtensibilityGlobals) = postSolution
		SolutionGuid = {7B734F34-8C39-43F4-B2BB-953E5F999098}
	EndGlobalSection
EndGlobal
